
Microsoft Visual Studio Solution File, Format Version 12.00
# Visual Studio Version 17
VisualStudioVersion = 17.5.33502.453
MinimumVisualStudioVersion = 10.0.40219.1
Project("{9A19103F-16F7-4668-BE54-9A1E7A4F7556}") = "CircuitCraftLab.AltiumFormats", "src\CircuitCraftLab.AltiumFormats\CircuitCraftLab.AltiumFormats.csproj", "{DC5A553F-BB65-45EA-A061-48C39ABAB729}"
EndProject
Project("{2150E333-8FDC-42A3-9474-1A3956D46DE8}") = "Solution Items", "Solution Items", "{BF356E36-46C6-44B8-9558-F9E9D96EE9E0}"
	ProjectSection(SolutionItems) = preProject
		.editorconfig = .editorconfig
		.gitignore = .gitignore
		Directory.Build.props = Directory.Build.props
		LICENSE = LICENSE
		README.md = README.md
	EndProjectSection
EndProject
Global
	GlobalSection(SolutionConfigurationPlatforms) = preSolution
		Debug|Any CPU = Debug|Any CPU
		Release|Any CPU = Release|Any CPU
	EndGlobalSection
	GlobalSection(ProjectConfigurationPlatforms) = postSolution
		{DC5A553F-BB65-45EA-A061-48C39ABAB729}.Debug|Any CPU.ActiveCfg = Debug|Any CPU
		{DC5A553F-BB65-45EA-A061-48C39ABAB729}.Debug|Any CPU.Build.0 = Debug|Any CPU
		{DC5A553F-BB65-45EA-A061-48C39ABAB729}.Release|Any CPU.ActiveCfg = Release|Any CPU
		{DC5A553F-BB65-45EA-A061-48C39ABAB729}.Release|Any CPU.Build.0 = Release|Any CPU
	EndGlobalSection
	GlobalSection(SolutionProperties) = preSolution
		HideSolutionNode = FALSE
	EndGlobalSection
	GlobalSection(ExtensibilityGlobals) = postSolution
		SolutionGuid = {EF68AB08-F32B-49F3-9CDD-28A13DB88012}
	EndGlobalSection
EndGlobal
